
Microsoft Visual Studio Solution File, Format Version 12.00
# Visual Studio Version 17
VisualStudioVersion = 17.14.36121.58
MinimumVisualStudioVersion = 10.0.40219.1
Project("{2150E333-8FDC-42A3-9474-1A3956D46DE8}") = "Solution Items", "Solution Items", "{8EC462FD-D22E-90A8-E5CE-7E832BA40C5D}"
	ProjectSection(SolutionItems) = preProject
		.editorconfig = .editorconfig
		.gitignore = .gitignore
		LICENSE = LICENSE
		README.md = README.md
	EndProjectSection
EndProject
Project("{FAE04EC0-301F-11D3-BF4B-00C04F79EFBC}") = "Collector.Common", "Collector.Common\Collector.Common.csproj", "{681FB5DF-967C-9767-891F-B087571FC391}"
EndProject
Project("{FAE04EC0-301F-11D3-BF4B-00C04F79EFBC}") = "Charlotte", "Charlotte\Charlotte\Charlotte.csproj", "{338ACA5D-993E-15CC-9C17-30F235FB4977}"
EndProject
Project("{FAE04EC0-301F-11D3-BF4B-00C04F79EFBC}") = "Charlotte.Router", "Charlotte\Router\Charlotte.Router.csproj", "{E42778A5-55CB-F1E4-9706-3CFCBC6A3B45}"
EndProject
Project("{FAE04EC0-301F-11D3-BF4B-00C04F79EFBC}") = "CommandCenter", "CommandCenter\CommandCenter.csproj", "{ED482512-513E-4D3F-915A-B5BEB03A52C1}"
EndProject
Project("{FAE04EC0-301F-11D3-BF4B-00C04F79EFBC}") = "Collector.YouTube", "Collector.YouTube\Collector.YouTube.csproj", "{DC94EC90-4C3D-4565-8DE8-7569B170DA34}"
EndProject
Project("{00D1A9C2-B5F0-4AF3-8072-F6C62B433612}") = "Collector.SQL", "Collector.SQL\Collector.SQL.sqlproj", "{44BD9A08-F200-44B2-A793-688263E539CD}"
EndProject
Project("{FAE04EC0-301F-11D3-BF4B-00C04F79EFBC}") = "Collector.Data", "Collector.Data\Collector.Data.csproj", "{75F7E9E7-4F60-490C-9300-31F32BA22E2D}"
EndProject
Project("{FAE04EC0-301F-11D3-BF4B-00C04F79EFBC}") = "Collector.API", "Collector.API\Collector.API.csproj", "{860EAB58-5EF0-426F-AF86-C1065CBFC4C9}"
EndProject
Project("{FAE04EC0-301F-11D3-BF4B-00C04F79EFBC}") = "Collector.Auth", "Collector.Auth\Collector.Auth.csproj", "{8F4B085E-4733-AD1F-F690-21C9C01203A5}"
EndProject
Project("{54A90642-561A-4BB1-A94E-469ADEE60C69}") = "Collector.Web.Client", "Collector.Web.Client\Collector.Web.Client.esproj", "{C5F7EE53-008B-1FD4-9EAF-F40985E3DE1C}"
EndProject
Project("{FAE04EC0-301F-11D3-BF4B-00C04F79EFBC}") = "Collector.Web.Server", "Collector.Web.Server\Collector.Web.Server.csproj", "{9EEF0FB5-B176-0B73-5DEE-7077583E2450}"
EndProject
Global
	GlobalSection(SolutionConfigurationPlatforms) = preSolution
		Debug|Any CPU = Debug|Any CPU
		Release|Any CPU = Release|Any CPU
	EndGlobalSection
	GlobalSection(ProjectConfigurationPlatforms) = postSolution
		{681FB5DF-967C-9767-891F-B087571FC391}.Debug|Any CPU.ActiveCfg = Debug|Any CPU
		{681FB5DF-967C-9767-891F-B087571FC391}.Debug|Any CPU.Build.0 = Debug|Any CPU
		{681FB5DF-967C-9767-891F-B087571FC391}.Release|Any CPU.ActiveCfg = Release|Any CPU
		{681FB5DF-967C-9767-891F-B087571FC391}.Release|Any CPU.Build.0 = Release|Any CPU
		{338ACA5D-993E-15CC-9C17-30F235FB4977}.Debug|Any CPU.ActiveCfg = Debug|Any CPU
		{338ACA5D-993E-15CC-9C17-30F235FB4977}.Debug|Any CPU.Build.0 = Debug|Any CPU
		{338ACA5D-993E-15CC-9C17-30F235FB4977}.Release|Any CPU.ActiveCfg = Release|Any CPU
		{338ACA5D-993E-15CC-9C17-30F235FB4977}.Release|Any CPU.Build.0 = Release|Any CPU
		{E42778A5-55CB-F1E4-9706-3CFCBC6A3B45}.Debug|Any CPU.ActiveCfg = Debug|Any CPU
		{E42778A5-55CB-F1E4-9706-3CFCBC6A3B45}.Debug|Any CPU.Build.0 = Debug|Any CPU
		{E42778A5-55CB-F1E4-9706-3CFCBC6A3B45}.Release|Any CPU.ActiveCfg = Release|Any CPU
		{E42778A5-55CB-F1E4-9706-3CFCBC6A3B45}.Release|Any CPU.Build.0 = Release|Any CPU
		{ED482512-513E-4D3F-915A-B5BEB03A52C1}.Debug|Any CPU.ActiveCfg = Debug|Any CPU
		{ED482512-513E-4D3F-915A-B5BEB03A52C1}.Debug|Any CPU.Build.0 = Debug|Any CPU
		{ED482512-513E-4D3F-915A-B5BEB03A52C1}.Release|Any CPU.ActiveCfg = Release|Any CPU
		{ED482512-513E-4D3F-915A-B5BEB03A52C1}.Release|Any CPU.Build.0 = Release|Any CPU
		{DC94EC90-4C3D-4565-8DE8-7569B170DA34}.Debug|Any CPU.ActiveCfg = Debug|Any CPU
		{DC94EC90-4C3D-4565-8DE8-7569B170DA34}.Debug|Any CPU.Build.0 = Debug|Any CPU
		{DC94EC90-4C3D-4565-8DE8-7569B170DA34}.Release|Any CPU.ActiveCfg = Release|Any CPU
		{DC94EC90-4C3D-4565-8DE8-7569B170DA34}.Release|Any CPU.Build.0 = Release|Any CPU
		{44BD9A08-F200-44B2-A793-688263E539CD}.Debug|Any CPU.ActiveCfg = Debug|Any CPU
		{44BD9A08-F200-44B2-A793-688263E539CD}.Debug|Any CPU.Build.0 = Debug|Any CPU
		{44BD9A08-F200-44B2-A793-688263E539CD}.Debug|Any CPU.Deploy.0 = Debug|Any CPU
		{44BD9A08-F200-44B2-A793-688263E539CD}.Release|Any CPU.ActiveCfg = Release|Any CPU
		{44BD9A08-F200-44B2-A793-688263E539CD}.Release|Any CPU.Build.0 = Release|Any CPU
		{44BD9A08-F200-44B2-A793-688263E539CD}.Release|Any CPU.Deploy.0 = Release|Any CPU
		{75F7E9E7-4F60-490C-9300-31F32BA22E2D}.Debug|Any CPU.ActiveCfg = Debug|Any CPU
		{75F7E9E7-4F60-490C-9300-31F32BA22E2D}.Debug|Any CPU.Build.0 = Debug|Any CPU
		{75F7E9E7-4F60-490C-9300-31F32BA22E2D}.Release|Any CPU.ActiveCfg = Release|Any CPU
		{75F7E9E7-4F60-490C-9300-31F32BA22E2D}.Release|Any CPU.Build.0 = Release|Any CPU
		{860EAB58-5EF0-426F-AF86-C1065CBFC4C9}.Debug|Any CPU.ActiveCfg = Debug|Any CPU
		{860EAB58-5EF0-426F-AF86-C1065CBFC4C9}.Debug|Any CPU.Build.0 = Debug|Any CPU
		{860EAB58-5EF0-426F-AF86-C1065CBFC4C9}.Release|Any CPU.ActiveCfg = Release|Any CPU
		{860EAB58-5EF0-426F-AF86-C1065CBFC4C9}.Release|Any CPU.Build.0 = Release|Any CPU
		{8F4B085E-4733-AD1F-F690-21C9C01203A5}.Debug|Any CPU.ActiveCfg = Debug|Any CPU
		{8F4B085E-4733-AD1F-F690-21C9C01203A5}.Debug|Any CPU.Build.0 = Debug|Any CPU
		{8F4B085E-4733-AD1F-F690-21C9C01203A5}.Release|Any CPU.ActiveCfg = Release|Any CPU
		{8F4B085E-4733-AD1F-F690-21C9C01203A5}.Release|Any CPU.Build.0 = Release|Any CPU
		{C5F7EE53-008B-1FD4-9EAF-F40985E3DE1C}.Debug|Any CPU.ActiveCfg = Debug|Any CPU
		{C5F7EE53-008B-1FD4-9EAF-F40985E3DE1C}.Debug|Any CPU.Build.0 = Debug|Any CPU
		{C5F7EE53-008B-1FD4-9EAF-F40985E3DE1C}.Debug|Any CPU.Deploy.0 = Debug|Any CPU
		{C5F7EE53-008B-1FD4-9EAF-F40985E3DE1C}.Release|Any CPU.ActiveCfg = Release|Any CPU
		{C5F7EE53-008B-1FD4-9EAF-F40985E3DE1C}.Release|Any CPU.Build.0 = Release|Any CPU
		{C5F7EE53-008B-1FD4-9EAF-F40985E3DE1C}.Release|Any CPU.Deploy.0 = Release|Any CPU
		{9EEF0FB5-B176-0B73-5DEE-7077583E2450}.Debug|Any CPU.ActiveCfg = Debug|Any CPU
		{9EEF0FB5-B176-0B73-5DEE-7077583E2450}.Debug|Any CPU.Build.0 = Debug|Any CPU
		{9EEF0FB5-B176-0B73-5DEE-7077583E2450}.Release|Any CPU.ActiveCfg = Release|Any CPU
		{9EEF0FB5-B176-0B73-5DEE-7077583E2450}.Release|Any CPU.Build.0 = Release|Any CPU
	EndGlobalSection
	GlobalSection(SolutionProperties) = preSolution
		HideSolutionNode = FALSE
	EndGlobalSection
	GlobalSection(ExtensibilityGlobals) = postSolution
		SolutionGuid = {FDD3C161-6494-4E87-A782-A516F154ADF0}
	EndGlobalSection
EndGlobal
