
Microsoft Visual Studio Solution File, Format Version 12.00
# Visual Studio Version 17
VisualStudioVersion = 17.14.36301.6 d17.14
MinimumVisualStudioVersion = 10.0.40219.1
Project("{FAE04EC0-301F-11D3-BF4B-00C04F79EFBC}") = "Collector.YouTube", "Collector.YouTube.csproj", "{8E703CAE-B562-42FA-B849-D0CB6537941F}"
EndProject
Global
	GlobalSection(SolutionConfigurationPlatforms) = preSolution
		Debug|Any CPU = Debug|Any CPU
		Release|Any CPU = Release|Any CPU
	EndGlobalSection
	GlobalSection(ProjectConfigurationPlatforms) = postSolution
		{8E703CAE-B562-42FA-B849-D0CB6537941F}.Debug|Any CPU.ActiveCfg = Debug|Any CPU
		{8E703CAE-B562-42FA-B849-D0CB6537941F}.Debug|Any CPU.Build.0 = Debug|Any CPU
		{8E703CAE-B562-42FA-B849-D0CB6537941F}.Release|Any CPU.ActiveCfg = Release|Any CPU
		{8E703CAE-B562-42FA-B849-D0CB6537941F}.Release|Any CPU.Build.0 = Release|Any CPU
	EndGlobalSection
	GlobalSection(SolutionProperties) = preSolution
		HideSolutionNode = FALSE
	EndGlobalSection
	GlobalSection(ExtensibilityGlobals) = postSolution
		SolutionGuid = {E9F03EDA-0ECF-46B1-81D1-259322A77C9B}
	EndGlobalSection
EndGlobal
