
Microsoft Visual Studio Solution File, Format Version 12.00
# Visual Studio Version 17
VisualStudioVersion = 17.14.36121.58
MinimumVisualStudioVersion = 10.0.40219.1
Project("{FAE04EC0-301F-11D3-BF4B-00C04F79EFBC}") = "Collector", "Collector.csproj", "{A09A6A42-31C8-1F5F-FFAA-BF82444948DE}"
EndProject
Project("{2150E333-8FDC-42A3-9474-1A3956D46DE8}") = "Solution Items", "Solution Items", "{8EC462FD-D22E-90A8-E5CE-7E832BA40C5D}"
	ProjectSection(SolutionItems) = preProject
		..\README.md = ..\README.md
	EndProjectSection
EndProject
Global
	GlobalSection(SolutionConfigurationPlatforms) = preSolution
		Debug|Any CPU = Debug|Any CPU
		Release|Any CPU = Release|Any CPU
	EndGlobalSection
	GlobalSection(ProjectConfigurationPlatforms) = postSolution
		{A09A6A42-31C8-1F5F-FFAA-BF82444948DE}.Debug|Any CPU.ActiveCfg = Debug|Any CPU
		{A09A6A42-31C8-1F5F-FFAA-BF82444948DE}.Debug|Any CPU.Build.0 = Debug|Any CPU
		{A09A6A42-31C8-1F5F-FFAA-BF82444948DE}.Release|Any CPU.ActiveCfg = Release|Any CPU
		{A09A6A42-31C8-1F5F-FFAA-BF82444948DE}.Release|Any CPU.Build.0 = Release|Any CPU
	EndGlobalSection
	GlobalSection(SolutionProperties) = preSolution
		HideSolutionNode = FALSE
	EndGlobalSection
	GlobalSection(ExtensibilityGlobals) = postSolution
		SolutionGuid = {FDD3C161-6494-4E87-A782-A516F154ADF0}
	EndGlobalSection
EndGlobal
